
Microsoft Visual Studio Solution File, Format Version 12.00
Project("{F2A71F9B-5D33-465A-A702-920D77279786}") = "FOpTel", "FOpTel\FOpTel.fsproj", "{E0CF5ECB-9695-4F68-B400-3C3C35357628}"
EndProject
Project("{F2A71F9B-5D33-465A-A702-920D77279786}") = "FOpTel.ScratchPadApp", "FOpTel.ScratchPadApp\FOpTel.ScratchPadApp.fsproj", "{8534F823-FE55-4D95-B220-0D452290F6D5}"
EndProject
Project("{F2A71F9B-5D33-465A-A702-920D77279786}") = "FOpTel.SQLite", "FOpTel.SQLite\FOpTel.SQLite.fsproj", "{50ACC72D-7F72-4423-B6AF-1DB9EC735593}"
EndProject
Global
	GlobalSection(SolutionConfigurationPlatforms) = preSolution
		Debug|Any CPU = Debug|Any CPU
		Release|Any CPU = Release|Any CPU
	EndGlobalSection
	GlobalSection(ProjectConfigurationPlatforms) = postSolution
		{E0CF5ECB-9695-4F68-B400-3C3C35357628}.Debug|Any CPU.ActiveCfg = Debug|Any CPU
		{E0CF5ECB-9695-4F68-B400-3C3C35357628}.Debug|Any CPU.Build.0 = Debug|Any CPU
		{E0CF5ECB-9695-4F68-B400-3C3C35357628}.Release|Any CPU.ActiveCfg = Release|Any CPU
		{E0CF5ECB-9695-4F68-B400-3C3C35357628}.Release|Any CPU.Build.0 = Release|Any CPU
		{8534F823-FE55-4D95-B220-0D452290F6D5}.Debug|Any CPU.ActiveCfg = Debug|Any CPU
		{8534F823-FE55-4D95-B220-0D452290F6D5}.Debug|Any CPU.Build.0 = Debug|Any CPU
		{8534F823-FE55-4D95-B220-0D452290F6D5}.Release|Any CPU.ActiveCfg = Release|Any CPU
		{8534F823-FE55-4D95-B220-0D452290F6D5}.Release|Any CPU.Build.0 = Release|Any CPU
		{50ACC72D-7F72-4423-B6AF-1DB9EC735593}.Debug|Any CPU.ActiveCfg = Debug|Any CPU
		{50ACC72D-7F72-4423-B6AF-1DB9EC735593}.Debug|Any CPU.Build.0 = Debug|Any CPU
		{50ACC72D-7F72-4423-B6AF-1DB9EC735593}.Release|Any CPU.ActiveCfg = Release|Any CPU
		{50ACC72D-7F72-4423-B6AF-1DB9EC735593}.Release|Any CPU.Build.0 = Release|Any CPU
	EndGlobalSection
EndGlobal
